
Microsoft Visual Studio Solution File, Format Version 12.00
# Visual Studio Version 16
VisualStudioVersion = 16.0.30406.217
MinimumVisualStudioVersion = 10.0.40219.1
Project("{9A19103F-16F7-4668-BE54-9A1E7A4F7556}") = "KampIntro", "KampIntro\KampIntro.csproj", "{B0E5964B-C430-4149-AA2F-6A8EF6D6DE1B}"
EndProject
Project("{9A19103F-16F7-4668-BE54-9A1E7A4F7556}") = "Donguler", "Donguler\Donguler.csproj", "{1DD9557C-7C2F-4E2F-9016-4D4F59560246}"
EndProject
Project("{9A19103F-16F7-4668-BE54-9A1E7A4F7556}") = "ClassIntro", "ClassIntro\ClassIntro.csproj", "{C1F8DCE4-FAA7-4597-A601-C84ADAC9575B}"
EndProject
Project("{9A19103F-16F7-4668-BE54-9A1E7A4F7556}") = "Metotlar", "Metotlar\Metotlar.csproj", "{0A3D13BF-696F-4017-A398-FF61039D14B4}"
EndProject
Project("{9A19103F-16F7-4668-BE54-9A1E7A4F7556}") = "Matematik", "Matematik\Matematik.csproj", "{43ECB345-ED37-4C0D-A136-CCD6B582E067}"
EndProject
Project("{9A19103F-16F7-4668-BE54-9A1E7A4F7556}") = "DegerVeReferansTipler", "DegerVeReferansTipler\DegerVeReferansTipler.csproj", "{F68174EC-A1F5-4D58-862E-F27E667BC50D}"
EndProject
Project("{9A19103F-16F7-4668-BE54-9A1E7A4F7556}") = "ClassMetotDemo", "ClassMetotDemo\ClassMetotDemo.csproj", "{0EB86066-4E9B-49FE-B8A9-3FF86FC6D16B}"
EndProject
Project("{FAE04EC0-301F-11D3-BF4B-00C04F79EFBC}") = "OOP1", "OOP1\OOP1.csproj", "{7E1EA27A-35CA-4783-B873-6899202CB493}"
EndProject
Project("{FAE04EC0-301F-11D3-BF4B-00C04F79EFBC}") = "Collections", "Collections\Collections.csproj", "{5FECD198-83A7-490B-A751-EBD0C745F2B5}"
EndProject
Project("{FAE04EC0-301F-11D3-BF4B-00C04F79EFBC}") = "GenericsIntro", "GenericsIntro\GenericsIntro.csproj", "{718BB508-AE7D-4503-BB2F-41B50BB44B52}"
EndProject
Global
	GlobalSection(SolutionConfigurationPlatforms) = preSolution
		Debug|Any CPU = Debug|Any CPU
		Release|Any CPU = Release|Any CPU
	EndGlobalSection
	GlobalSection(ProjectConfigurationPlatforms) = postSolution
		{B0E5964B-C430-4149-AA2F-6A8EF6D6DE1B}.Debug|Any CPU.ActiveCfg = Debug|Any CPU
		{B0E5964B-C430-4149-AA2F-6A8EF6D6DE1B}.Debug|Any CPU.Build.0 = Debug|Any CPU
		{B0E5964B-C430-4149-AA2F-6A8EF6D6DE1B}.Release|Any CPU.ActiveCfg = Release|Any CPU
		{B0E5964B-C430-4149-AA2F-6A8EF6D6DE1B}.Release|Any CPU.Build.0 = Release|Any CPU
		{1DD9557C-7C2F-4E2F-9016-4D4F59560246}.Debug|Any CPU.ActiveCfg = Debug|Any CPU
		{1DD9557C-7C2F-4E2F-9016-4D4F59560246}.Debug|Any CPU.Build.0 = Debug|Any CPU
		{1DD9557C-7C2F-4E2F-9016-4D4F59560246}.Release|Any CPU.ActiveCfg = Release|Any CPU
		{1DD9557C-7C2F-4E2F-9016-4D4F59560246}.Release|Any CPU.Build.0 = Release|Any CPU
		{C1F8DCE4-FAA7-4597-A601-C84ADAC9575B}.Debug|Any CPU.ActiveCfg = Debug|Any CPU
		{C1F8DCE4-FAA7-4597-A601-C84ADAC9575B}.Debug|Any CPU.Build.0 = Debug|Any CPU
		{C1F8DCE4-FAA7-4597-A601-C84ADAC9575B}.Release|Any CPU.ActiveCfg = Release|Any CPU
		{C1F8DCE4-FAA7-4597-A601-C84ADAC9575B}.Release|Any CPU.Build.0 = Release|Any CPU
		{0A3D13BF-696F-4017-A398-FF61039D14B4}.Debug|Any CPU.ActiveCfg = Debug|Any CPU
		{0A3D13BF-696F-4017-A398-FF61039D14B4}.Debug|Any CPU.Build.0 = Debug|Any CPU
		{0A3D13BF-696F-4017-A398-FF61039D14B4}.Release|Any CPU.ActiveCfg = Release|Any CPU
		{0A3D13BF-696F-4017-A398-FF61039D14B4}.Release|Any CPU.Build.0 = Release|Any CPU
		{43ECB345-ED37-4C0D-A136-CCD6B582E067}.Debug|Any CPU.ActiveCfg = Debug|Any CPU
		{43ECB345-ED37-4C0D-A136-CCD6B582E067}.Debug|Any CPU.Build.0 = Debug|Any CPU
		{43ECB345-ED37-4C0D-A136-CCD6B582E067}.Release|Any CPU.ActiveCfg = Release|Any CPU
		{43ECB345-ED37-4C0D-A136-CCD6B582E067}.Release|Any CPU.Build.0 = Release|Any CPU
		{F68174EC-A1F5-4D58-862E-F27E667BC50D}.Debug|Any CPU.ActiveCfg = Debug|Any CPU
		{F68174EC-A1F5-4D58-862E-F27E667BC50D}.Debug|Any CPU.Build.0 = Debug|Any CPU
		{F68174EC-A1F5-4D58-862E-F27E667BC50D}.Release|Any CPU.ActiveCfg = Release|Any CPU
		{F68174EC-A1F5-4D58-862E-F27E667BC50D}.Release|Any CPU.Build.0 = Release|Any CPU
		{0EB86066-4E9B-49FE-B8A9-3FF86FC6D16B}.Debug|Any CPU.ActiveCfg = Debug|Any CPU
		{0EB86066-4E9B-49FE-B8A9-3FF86FC6D16B}.Debug|Any CPU.Build.0 = Debug|Any CPU
		{0EB86066-4E9B-49FE-B8A9-3FF86FC6D16B}.Release|Any CPU.ActiveCfg = Release|Any CPU
		{0EB86066-4E9B-49FE-B8A9-3FF86FC6D16B}.Release|Any CPU.Build.0 = Release|Any CPU
		{7E1EA27A-35CA-4783-B873-6899202CB493}.Debug|Any CPU.ActiveCfg = Debug|Any CPU
		{7E1EA27A-35CA-4783-B873-6899202CB493}.Debug|Any CPU.Build.0 = Debug|Any CPU
		{7E1EA27A-35CA-4783-B873-6899202CB493}.Release|Any CPU.ActiveCfg = Release|Any CPU
		{7E1EA27A-35CA-4783-B873-6899202CB493}.Release|Any CPU.Build.0 = Release|Any CPU
		{5FECD198-83A7-490B-A751-EBD0C745F2B5}.Debug|Any CPU.ActiveCfg = Debug|Any CPU
		{5FECD198-83A7-490B-A751-EBD0C745F2B5}.Debug|Any CPU.Build.0 = Debug|Any CPU
		{5FECD198-83A7-490B-A751-EBD0C745F2B5}.Release|Any CPU.ActiveCfg = Release|Any CPU
		{5FECD198-83A7-490B-A751-EBD0C745F2B5}.Release|Any CPU.Build.0 = Release|Any CPU
		{718BB508-AE7D-4503-BB2F-41B50BB44B52}.Debug|Any CPU.ActiveCfg = Debug|Any CPU
		{718BB508-AE7D-4503-BB2F-41B50BB44B52}.Debug|Any CPU.Build.0 = Debug|Any CPU
		{718BB508-AE7D-4503-BB2F-41B50BB44B52}.Release|Any CPU.ActiveCfg = Release|Any CPU
		{718BB508-AE7D-4503-BB2F-41B50BB44B52}.Release|Any CPU.Build.0 = Release|Any CPU
	EndGlobalSection
	GlobalSection(SolutionProperties) = preSolution
		HideSolutionNode = FALSE
	EndGlobalSection
	GlobalSection(ExtensibilityGlobals) = postSolution
		SolutionGuid = {DA8C1F88-A762-40F1-B6FE-C38A4317FEF1}
	EndGlobalSection
EndGlobal
